
Microsoft Visual Studio Solution File, Format Version 9.00
# Visual Studio 2005
Project("{8BC9CEB8-8B4A-11D0-8D11-00A0C91BC942}") = "fanplayer", "fanplayer\fanplayer.vcproj", "{2537A15B-F975-416D-8106-22CD6EDFCCDE}"
	ProjectSection(ProjectDependencies) = postProject
		{22D248BF-D90F-491E-95A1-72458EB0EBE1} = {22D248BF-D90F-491E-95A1-72458EB0EBE1}
		{488C56C6-C223-4CDB-8598-78E4E928F0EE} = {488C56C6-C223-4CDB-8598-78E4E928F0EE}
		{8F731DF4-F11E-4704-AF28-DB1AD045C60C} = {8F731DF4-F11E-4704-AF28-DB1AD045C60C}
	EndProjectSection
EndProject
Project("{8BC9CEB8-8B4A-11D0-8D11-00A0C91BC942}") = "testplayer", "testplayer\testplayer.vcproj", "{0E175BF5-7997-4F54-86ED-40991B4D386A}"
	ProjectSection(ProjectDependencies) = postProject
		{2537A15B-F975-416D-8106-22CD6EDFCCDE} = {2537A15B-F975-416D-8106-22CD6EDFCCDE}
	EndProjectSection
EndProject
Project("{8BC9CEB8-8B4A-11D0-8D11-00A0C91BC942}") = "ffspliter", "ffspliter\ffspliter.vcproj", "{E1E9BFAC-8EAA-47AB-B176-55E32C1C9487}"
EndProject
Project("{FAE04EC0-301F-11D3-BF4B-00C04F79EFBC}") = "csharpplayer", "csharpplayer\csharpplayer.csproj", "{83E7939A-5029-4A23-B482-99C29D69C6E0}"
EndProject
Project("{8BC9CEB8-8B4A-11D0-8D11-00A0C91BC942}") = "avkcpdemuxer", "avkcpdemuxer\avkcpdemuxer.vcproj", "{8F731DF4-F11E-4704-AF28-DB1AD045C60C}"
EndProject
Project("{8BC9CEB8-8B4A-11D0-8D11-00A0C91BC942}") = "ffrdpdemuxer", "ffrdpdemuxer\ffrdpdemuxer.vcproj", "{488C56C6-C223-4CDB-8598-78E4E928F0EE}"
EndProject
Project("{8BC9CEB8-8B4A-11D0-8D11-00A0C91BC942}") = "ffobjdet", "ffobjdet\ffobjdet.vcproj", "{22D248BF-D90F-491E-95A1-72458EB0EBE1}"
EndProject
Global
	GlobalSection(SolutionConfigurationPlatforms) = preSolution
		Debug|Any CPU = Debug|Any CPU
		Debug|Mixed Platforms = Debug|Mixed Platforms
		Debug|Win32 = Debug|Win32
		Release|Any CPU = Release|Any CPU
		Release|Mixed Platforms = Release|Mixed Platforms
		Release|Win32 = Release|Win32
	EndGlobalSection
	GlobalSection(ProjectConfigurationPlatforms) = postSolution
		{2537A15B-F975-416D-8106-22CD6EDFCCDE}.Debug|Any CPU.ActiveCfg = Debug|Win32
		{2537A15B-F975-416D-8106-22CD6EDFCCDE}.Debug|Mixed Platforms.ActiveCfg = Debug|Win32
		{2537A15B-F975-416D-8106-22CD6EDFCCDE}.Debug|Mixed Platforms.Build.0 = Debug|Win32
		{2537A15B-F975-416D-8106-22CD6EDFCCDE}.Debug|Win32.ActiveCfg = Debug|Win32
		{2537A15B-F975-416D-8106-22CD6EDFCCDE}.Debug|Win32.Build.0 = Debug|Win32
		{2537A15B-F975-416D-8106-22CD6EDFCCDE}.Release|Any CPU.ActiveCfg = Release|Win32
		{2537A15B-F975-416D-8106-22CD6EDFCCDE}.Release|Mixed Platforms.ActiveCfg = Release|Win32
		{2537A15B-F975-416D-8106-22CD6EDFCCDE}.Release|Mixed Platforms.Build.0 = Release|Win32
		{2537A15B-F975-416D-8106-22CD6EDFCCDE}.Release|Win32.ActiveCfg = Release|Win32
		{2537A15B-F975-416D-8106-22CD6EDFCCDE}.Release|Win32.Build.0 = Release|Win32
		{0E175BF5-7997-4F54-86ED-40991B4D386A}.Debug|Any CPU.ActiveCfg = Debug|Win32
		{0E175BF5-7997-4F54-86ED-40991B4D386A}.Debug|Mixed Platforms.ActiveCfg = Debug|Win32
		{0E175BF5-7997-4F54-86ED-40991B4D386A}.Debug|Mixed Platforms.Build.0 = Debug|Win32
		{0E175BF5-7997-4F54-86ED-40991B4D386A}.Debug|Win32.ActiveCfg = Debug|Win32
		{0E175BF5-7997-4F54-86ED-40991B4D386A}.Debug|Win32.Build.0 = Debug|Win32
		{0E175BF5-7997-4F54-86ED-40991B4D386A}.Release|Any CPU.ActiveCfg = Release|Win32
		{0E175BF5-7997-4F54-86ED-40991B4D386A}.Release|Mixed Platforms.ActiveCfg = Release|Win32
		{0E175BF5-7997-4F54-86ED-40991B4D386A}.Release|Mixed Platforms.Build.0 = Release|Win32
		{0E175BF5-7997-4F54-86ED-40991B4D386A}.Release|Win32.ActiveCfg = Release|Win32
		{0E175BF5-7997-4F54-86ED-40991B4D386A}.Release|Win32.Build.0 = Release|Win32
		{E1E9BFAC-8EAA-47AB-B176-55E32C1C9487}.Debug|Any CPU.ActiveCfg = Debug|Win32
		{E1E9BFAC-8EAA-47AB-B176-55E32C1C9487}.Debug|Mixed Platforms.ActiveCfg = Debug|Win32
		{E1E9BFAC-8EAA-47AB-B176-55E32C1C9487}.Debug|Mixed Platforms.Build.0 = Debug|Win32
		{E1E9BFAC-8EAA-47AB-B176-55E32C1C9487}.Debug|Win32.ActiveCfg = Debug|Win32
		{E1E9BFAC-8EAA-47AB-B176-55E32C1C9487}.Debug|Win32.Build.0 = Debug|Win32
		{E1E9BFAC-8EAA-47AB-B176-55E32C1C9487}.Release|Any CPU.ActiveCfg = Release|Win32
		{E1E9BFAC-8EAA-47AB-B176-55E32C1C9487}.Release|Mixed Platforms.ActiveCfg = Release|Win32
		{E1E9BFAC-8EAA-47AB-B176-55E32C1C9487}.Release|Mixed Platforms.Build.0 = Release|Win32
		{E1E9BFAC-8EAA-47AB-B176-55E32C1C9487}.Release|Win32.ActiveCfg = Release|Win32
		{E1E9BFAC-8EAA-47AB-B176-55E32C1C9487}.Release|Win32.Build.0 = Release|Win32
		{83E7939A-5029-4A23-B482-99C29D69C6E0}.Debug|Any CPU.ActiveCfg = Debug|Any CPU
		{83E7939A-5029-4A23-B482-99C29D69C6E0}.Debug|Any CPU.Build.0 = Debug|Any CPU
		{83E7939A-5029-4A23-B482-99C29D69C6E0}.Debug|Mixed Platforms.ActiveCfg = Debug|Any CPU
		{83E7939A-5029-4A23-B482-99C29D69C6E0}.Debug|Mixed Platforms.Build.0 = Debug|Any CPU
		{83E7939A-5029-4A23-B482-99C29D69C6E0}.Debug|Win32.ActiveCfg = Debug|Any CPU
		{83E7939A-5029-4A23-B482-99C29D69C6E0}.Release|Any CPU.ActiveCfg = Release|Any CPU
		{83E7939A-5029-4A23-B482-99C29D69C6E0}.Release|Any CPU.Build.0 = Release|Any CPU
		{83E7939A-5029-4A23-B482-99C29D69C6E0}.Release|Mixed Platforms.ActiveCfg = Release|Any CPU
		{83E7939A-5029-4A23-B482-99C29D69C6E0}.Release|Mixed Platforms.Build.0 = Release|Any CPU
		{83E7939A-5029-4A23-B482-99C29D69C6E0}.Release|Win32.ActiveCfg = Release|Any CPU
		{8F731DF4-F11E-4704-AF28-DB1AD045C60C}.Debug|Any CPU.ActiveCfg = Debug|Win32
		{8F731DF4-F11E-4704-AF28-DB1AD045C60C}.Debug|Mixed Platforms.ActiveCfg = Debug|Win32
		{8F731DF4-F11E-4704-AF28-DB1AD045C60C}.Debug|Mixed Platforms.Build.0 = Debug|Win32
		{8F731DF4-F11E-4704-AF28-DB1AD045C60C}.Debug|Win32.ActiveCfg = Debug|Win32
		{8F731DF4-F11E-4704-AF28-DB1AD045C60C}.Debug|Win32.Build.0 = Debug|Win32
		{8F731DF4-F11E-4704-AF28-DB1AD045C60C}.Release|Any CPU.ActiveCfg = Release|Win32
		{8F731DF4-F11E-4704-AF28-DB1AD045C60C}.Release|Mixed Platforms.ActiveCfg = Release|Win32
		{8F731DF4-F11E-4704-AF28-DB1AD045C60C}.Release|Mixed Platforms.Build.0 = Release|Win32
		{8F731DF4-F11E-4704-AF28-DB1AD045C60C}.Release|Win32.ActiveCfg = Release|Win32
		{8F731DF4-F11E-4704-AF28-DB1AD045C60C}.Release|Win32.Build.0 = Release|Win32
		{488C56C6-C223-4CDB-8598-78E4E928F0EE}.Debug|Any CPU.ActiveCfg = Debug|Win32
		{488C56C6-C223-4CDB-8598-78E4E928F0EE}.Debug|Mixed Platforms.ActiveCfg = Debug|Win32
		{488C56C6-C223-4CDB-8598-78E4E928F0EE}.Debug|Mixed Platforms.Build.0 = Debug|Win32
		{488C56C6-C223-4CDB-8598-78E4E928F0EE}.Debug|Win32.ActiveCfg = Debug|Win32
		{488C56C6-C223-4CDB-8598-78E4E928F0EE}.Debug|Win32.Build.0 = Debug|Win32
		{488C56C6-C223-4CDB-8598-78E4E928F0EE}.Release|Any CPU.ActiveCfg = Release|Win32
		{488C56C6-C223-4CDB-8598-78E4E928F0EE}.Release|Mixed Platforms.ActiveCfg = Release|Win32
		{488C56C6-C223-4CDB-8598-78E4E928F0EE}.Release|Mixed Platforms.Build.0 = Release|Win32
		{488C56C6-C223-4CDB-8598-78E4E928F0EE}.Release|Win32.ActiveCfg = Release|Win32
		{488C56C6-C223-4CDB-8598-78E4E928F0EE}.Release|Win32.Build.0 = Release|Win32
		{22D248BF-D90F-491E-95A1-72458EB0EBE1}.Debug|Any CPU.ActiveCfg = Debug|Win32
		{22D248BF-D90F-491E-95A1-72458EB0EBE1}.Debug|Mixed Platforms.ActiveCfg = Debug|Win32
		{22D248BF-D90F-491E-95A1-72458EB0EBE1}.Debug|Mixed Platforms.Build.0 = Debug|Win32
		{22D248BF-D90F-491E-95A1-72458EB0EBE1}.Debug|Win32.ActiveCfg = Debug|Win32
		{22D248BF-D90F-491E-95A1-72458EB0EBE1}.Debug|Win32.Build.0 = Debug|Win32
		{22D248BF-D90F-491E-95A1-72458EB0EBE1}.Release|Any CPU.ActiveCfg = Release|Win32
		{22D248BF-D90F-491E-95A1-72458EB0EBE1}.Release|Mixed Platforms.ActiveCfg = Release|Win32
		{22D248BF-D90F-491E-95A1-72458EB0EBE1}.Release|Mixed Platforms.Build.0 = Release|Win32
		{22D248BF-D90F-491E-95A1-72458EB0EBE1}.Release|Win32.ActiveCfg = Release|Win32
		{22D248BF-D90F-491E-95A1-72458EB0EBE1}.Release|Win32.Build.0 = Release|Win32
	EndGlobalSection
	GlobalSection(SolutionProperties) = preSolution
		HideSolutionNode = FALSE
	EndGlobalSection
EndGlobal
